Microsoft Visual Studio Solution File, Format Version 12.00
# Visual Studio Version 17
VisualStudioVersion = 17.5.2.0
MinimumVisualStudioVersion = 10.0.40219.1
Project("{FAE04EC0-301F-11D3-BF4B-00C04F79EFBC}") = "04a_SubscriptionRenewalMessage", "04a_SubscriptionRenewalMessage.csproj", "{7C523B71-FB4A-C46E-4B9F-FC51F1762FB4}"
EndProject
Global
	GlobalSection(SolutionConfigurationPlatforms) = preSolution
		Debug|Any CPU = Debug|Any CPU
		Release|Any CPU = Release|Any CPU
	EndGlobalSection
	GlobalSection(ProjectConfigurationPlatforms) = postSolution
		{7C523B71-FB4A-C46E-4B9F-FC51F1762FB4}.Debug|Any CPU.ActiveCfg = Debug|Any CPU
		{7C523B71-FB4A-C46E-4B9F-FC51F1762FB4}.Debug|Any CPU.Build.0 = Debug|Any CPU
		{7C523B71-FB4A-C46E-4B9F-FC51F1762FB4}.Release|Any CPU.ActiveCfg = Release|Any CPU
		{7C523B71-FB4A-C46E-4B9F-FC51F1762FB4}.Release|Any CPU.Build.0 = Release|Any CPU
	EndGlobalSection
	GlobalSection(SolutionProperties) = preSolution
		HideSolutionNode = FALSE
	EndGlobalSection
	GlobalSection(ExtensibilityGlobals) = postSolution
		SolutionGuid = {19DEE94D-507F-434B-9601-D3ABD10F68B2}
	EndGlobalSection
EndGlobal
